
Microsoft Visual Studio Solution File, Format Version 12.00
# Visual Studio Version 17
VisualStudioVersion = 17.3.32811.315
MinimumVisualStudioVersion = 10.0.40219.1
Project("{FAE04EC0-301F-11D3-BF4B-00C04F79EFBC}") = "10-Iteration Statements", "10-Iteration Statements\10-Iteration Statements.csproj", "{344547DF-E4A3-46CC-89BF-D17A61D81BEF}"
EndProject
Global
	GlobalSection(SolutionConfigurationPlatforms) = preSolution
		Debug|Any CPU = Debug|Any CPU
		Release|Any CPU = Release|Any CPU
	EndGlobalSection
	GlobalSection(ProjectConfigurationPlatforms) = postSolution
		{344547DF-E4A3-46CC-89BF-D17A61D81BEF}.Debug|Any CPU.ActiveCfg = Debug|Any CPU
		{344547DF-E4A3-46CC-89BF-D17A61D81BEF}.Debug|Any CPU.Build.0 = Debug|Any CPU
		{344547DF-E4A3-46CC-89BF-D17A61D81BEF}.Release|Any CPU.ActiveCfg = Release|Any CPU
		{344547DF-E4A3-46CC-89BF-D17A61D81BEF}.Release|Any CPU.Build.0 = Release|Any CPU
	EndGlobalSection
	GlobalSection(SolutionProperties) = preSolution
		HideSolutionNode = FALSE
	EndGlobalSection
	GlobalSection(ExtensibilityGlobals) = postSolution
		SolutionGuid = {BB58FF06-E28E-4177-88B2-A48D0E1E95C1}
	EndGlobalSection
EndGlobal
