
Microsoft Visual Studio Solution File, Format Version 12.00
# Visual Studio Version 17
VisualStudioVersion = 17.3.32811.315
MinimumVisualStudioVersion = 10.0.40219.1
Project("{FAE04EC0-301F-11D3-BF4B-00C04F79EFBC}") = "13-List", "13-List\13-List.csproj", "{36374398-23FA-41DA-8640-82248080E3A3}"
EndProject
Global
	GlobalSection(SolutionConfigurationPlatforms) = preSolution
		Debug|Any CPU = Debug|Any CPU
		Release|Any CPU = Release|Any CPU
	EndGlobalSection
	GlobalSection(ProjectConfigurationPlatforms) = postSolution
		{36374398-23FA-41DA-8640-82248080E3A3}.Debug|Any CPU.ActiveCfg = Debug|Any CPU
		{36374398-23FA-41DA-8640-82248080E3A3}.Debug|Any CPU.Build.0 = Debug|Any CPU
		{36374398-23FA-41DA-8640-82248080E3A3}.Release|Any CPU.ActiveCfg = Release|Any CPU
		{36374398-23FA-41DA-8640-82248080E3A3}.Release|Any CPU.Build.0 = Release|Any CPU
	EndGlobalSection
	GlobalSection(SolutionProperties) = preSolution
		HideSolutionNode = FALSE
	EndGlobalSection
	GlobalSection(ExtensibilityGlobals) = postSolution
		SolutionGuid = {9FAEBFDC-0BD5-4008-9F84-6B7544D8AB66}
	EndGlobalSection
EndGlobal
