
Microsoft Visual Studio Solution File, Format Version 12.00
# Visual Studio Version 17
VisualStudioVersion = 17.3.32811.315
MinimumVisualStudioVersion = 10.0.40219.1
Project("{FAE04EC0-301F-11D3-BF4B-00C04F79EFBC}") = "14-Date", "14-Date\14-Date.csproj", "{3AF226A8-59D7-4360-8A5B-CF93DC4858EC}"
EndProject
Global
	GlobalSection(SolutionConfigurationPlatforms) = preSolution
		Debug|Any CPU = Debug|Any CPU
		Release|Any CPU = Release|Any CPU
	EndGlobalSection
	GlobalSection(ProjectConfigurationPlatforms) = postSolution
		{3AF226A8-59D7-4360-8A5B-CF93DC4858EC}.Debug|Any CPU.ActiveCfg = Debug|Any CPU
		{3AF226A8-59D7-4360-8A5B-CF93DC4858EC}.Debug|Any CPU.Build.0 = Debug|Any CPU
		{3AF226A8-59D7-4360-8A5B-CF93DC4858EC}.Release|Any CPU.ActiveCfg = Release|Any CPU
		{3AF226A8-59D7-4360-8A5B-CF93DC4858EC}.Release|Any CPU.Build.0 = Release|Any CPU
	EndGlobalSection
	GlobalSection(SolutionProperties) = preSolution
		HideSolutionNode = FALSE
	EndGlobalSection
	GlobalSection(ExtensibilityGlobals) = postSolution
		SolutionGuid = {1A01C675-E707-4E54-8BA3-E89DCEB16B56}
	EndGlobalSection
EndGlobal
