
Microsoft Visual Studio Solution File, Format Version 12.00
# Visual Studio Version 17
VisualStudioVersion = 17.3.32811.315
MinimumVisualStudioVersion = 10.0.40219.1
Project("{FAE04EC0-301F-11D3-BF4B-00C04F79EFBC}") = "07-string", "07-string\07-string.csproj", "{63670565-FB9B-463B-943D-AA276C736ABF}"
EndProject
Global
	GlobalSection(SolutionConfigurationPlatforms) = preSolution
		Debug|Any CPU = Debug|Any CPU
		Release|Any CPU = Release|Any CPU
	EndGlobalSection
	GlobalSection(ProjectConfigurationPlatforms) = postSolution
		{63670565-FB9B-463B-943D-AA276C736ABF}.Debug|Any CPU.ActiveCfg = Debug|Any CPU
		{63670565-FB9B-463B-943D-AA276C736ABF}.Debug|Any CPU.Build.0 = Debug|Any CPU
		{63670565-FB9B-463B-943D-AA276C736ABF}.Release|Any CPU.ActiveCfg = Release|Any CPU
		{63670565-FB9B-463B-943D-AA276C736ABF}.Release|Any CPU.Build.0 = Release|Any CPU
	EndGlobalSection
	GlobalSection(SolutionProperties) = preSolution
		HideSolutionNode = FALSE
	EndGlobalSection
	GlobalSection(ExtensibilityGlobals) = postSolution
		SolutionGuid = {042ED143-ACDB-42CF-B435-030B1E1A183F}
	EndGlobalSection
EndGlobal
